
Microsoft Visual Studio Solution File, Format Version 12.00
# Visual Studio Version 16
VisualStudioVersion = 16.0.29020.237
MinimumVisualStudioVersion = 10.0.40219.1
Project("{2150E333-8FDC-42A3-9474-1A3956D46DE8}") = "Shared", "Shared", "{5CD71AF6-E4CD-4809-9D0C-0F1A8D4CA9CB}"
EndProject
Project("{9A19103F-16F7-4668-BE54-9A1E7A4F7556}") = "AoTracker.Interfaces", "AoTracker.Interfaces\AoTracker.Interfaces.csproj", "{A5A4F28D-0673-4EBE-94C5-C0B4D95E19FB}"
EndProject
Project("{9A19103F-16F7-4668-BE54-9A1E7A4F7556}") = "AoTracker.Infrastructure", "AoTracker.Infrastructure\AoTracker.Infrastructure.csproj", "{2B05B47A-9F24-404B-B419-99F6DF4B2572}"
EndProject
Project("{9A19103F-16F7-4668-BE54-9A1E7A4F7556}") = "AoTracker.Crawlers", "AoTracker.Crawlers\AoTracker.Crawlers.csproj", "{C9238EF5-D991-4C5F-8744-1D08645A114D}"
EndProject
Project("{9A19103F-16F7-4668-BE54-9A1E7A4F7556}") = "AoTracker.Domain", "AoTracker.Domain\AoTracker.Domain.csproj", "{6FDBB323-8F33-445F-9053-6C3339D997A9}"
EndProject
Project("{9A19103F-16F7-4668-BE54-9A1E7A4F7556}") = "AoTracker.Resources", "AoTracker.Resources\AoTracker.Resources.csproj", "{606A5091-D32E-405F-B0E8-983399CA7265}"
EndProject
Project("{2150E333-8FDC-42A3-9474-1A3956D46DE8}") = "Android", "Android", "{C5DA9558-3CB2-4080-8A06-3DB5F925BA8B}"
EndProject
Project("{FAE04EC0-301F-11D3-BF4B-00C04F79EFBC}") = "AoTracker.Android", "AoTracker.Android\AoTracker.Android.csproj", "{1B8CFF28-B347-4FC4-8E87-4B46F2DB28D6}"
EndProject
Project("{2150E333-8FDC-42A3-9474-1A3956D46DE8}") = "Bindings", "Bindings", "{117BD204-824C-4E02-BAD4-FCF21D9966AD}"
EndProject
Project("{FAE04EC0-301F-11D3-BF4B-00C04F79EFBC}") = "Binding_CircleProgress", "Binding_CircleProgress\Binding_CircleProgress.csproj", "{B1CB8CDC-C90F-4313-AAB7-A12870F33690}"
EndProject
Project("{2150E333-8FDC-42A3-9474-1A3956D46DE8}") = "Domain", "Domain", "{73F29C47-ECA9-45E2-A6B5-BBA7D25CB14F}"
EndProject
Project("{2150E333-8FDC-42A3-9474-1A3956D46DE8}") = "UWP", "UWP", "{1AA60953-6816-4B7E-A830-6D3969FFC157}"
EndProject
Project("{FAE04EC0-301F-11D3-BF4B-00C04F79EFBC}") = "AoTracker.UWP", "AoTracker.UWP\AoTracker.UWP.csproj", "{AF6EF400-F27D-46CC-8106-EB42A3AC3FE6}"
EndProject
Global
	GlobalSection(SolutionConfigurationPlatforms) = preSolution
		Debug|Any CPU = Debug|Any CPU
		Debug|ARM = Debug|ARM
		Debug|ARM64 = Debug|ARM64
		Debug|iPhone = Debug|iPhone
		Debug|iPhoneSimulator = Debug|iPhoneSimulator
		Debug|x64 = Debug|x64
		Debug|x86 = Debug|x86
		Release|Any CPU = Release|Any CPU
		Release|ARM = Release|ARM
		Release|ARM64 = Release|ARM64
		Release|iPhone = Release|iPhone
		Release|iPhoneSimulator = Release|iPhoneSimulator
		Release|x64 = Release|x64
		Release|x86 = Release|x86
	EndGlobalSection
	GlobalSection(ProjectConfigurationPlatforms) = postSolution
		{A5A4F28D-0673-4EBE-94C5-C0B4D95E19FB}.Debug|Any CPU.ActiveCfg = Debug|Any CPU
		{A5A4F28D-0673-4EBE-94C5-C0B4D95E19FB}.Debug|Any CPU.Build.0 = Debug|Any CPU
		{A5A4F28D-0673-4EBE-94C5-C0B4D95E19FB}.Debug|ARM.ActiveCfg = Debug|Any CPU
		{A5A4F28D-0673-4EBE-94C5-C0B4D95E19FB}.Debug|ARM.Build.0 = Debug|Any CPU
		{A5A4F28D-0673-4EBE-94C5-C0B4D95E19FB}.Debug|ARM64.ActiveCfg = Debug|Any CPU
		{A5A4F28D-0673-4EBE-94C5-C0B4D95E19FB}.Debug|ARM64.Build.0 = Debug|Any CPU
		{A5A4F28D-0673-4EBE-94C5-C0B4D95E19FB}.Debug|iPhone.ActiveCfg = Debug|Any CPU
		{A5A4F28D-0673-4EBE-94C5-C0B4D95E19FB}.Debug|iPhone.Build.0 = Debug|Any CPU
		{A5A4F28D-0673-4EBE-94C5-C0B4D95E19FB}.Debug|iPhoneSimulator.ActiveCfg = Debug|Any CPU
		{A5A4F28D-0673-4EBE-94C5-C0B4D95E19FB}.Debug|iPhoneSimulator.Build.0 = Debug|Any CPU
		{A5A4F28D-0673-4EBE-94C5-C0B4D95E19FB}.Debug|x64.ActiveCfg = Debug|Any CPU
		{A5A4F28D-0673-4EBE-94C5-C0B4D95E19FB}.Debug|x64.Build.0 = Debug|Any CPU
		{A5A4F28D-0673-4EBE-94C5-C0B4D95E19FB}.Debug|x86.ActiveCfg = Debug|Any CPU
		{A5A4F28D-0673-4EBE-94C5-C0B4D95E19FB}.Debug|x86.Build.0 = Debug|Any CPU
		{A5A4F28D-0673-4EBE-94C5-C0B4D95E19FB}.Release|Any CPU.ActiveCfg = Release|Any CPU
		{A5A4F28D-0673-4EBE-94C5-C0B4D95E19FB}.Release|Any CPU.Build.0 = Release|Any CPU
		{A5A4F28D-0673-4EBE-94C5-C0B4D95E19FB}.Release|ARM.ActiveCfg = Release|Any CPU
		{A5A4F28D-0673-4EBE-94C5-C0B4D95E19FB}.Release|ARM.Build.0 = Release|Any CPU
		{A5A4F28D-0673-4EBE-94C5-C0B4D95E19FB}.Release|ARM64.ActiveCfg = Release|Any CPU
		{A5A4F28D-0673-4EBE-94C5-C0B4D95E19FB}.Release|ARM64.Build.0 = Release|Any CPU
		{A5A4F28D-0673-4EBE-94C5-C0B4D95E19FB}.Release|iPhone.ActiveCfg = Release|Any CPU
		{A5A4F28D-0673-4EBE-94C5-C0B4D95E19FB}.Release|iPhone.Build.0 = Release|Any CPU
		{A5A4F28D-0673-4EBE-94C5-C0B4D95E19FB}.Release|iPhoneSimulator.ActiveCfg = Release|Any CPU
		{A5A4F28D-0673-4EBE-94C5-C0B4D95E19FB}.Release|iPhoneSimulator.Build.0 = Release|Any CPU
		{A5A4F28D-0673-4EBE-94C5-C0B4D95E19FB}.Release|x64.ActiveCfg = Release|Any CPU
		{A5A4F28D-0673-4EBE-94C5-C0B4D95E19FB}.Release|x64.Build.0 = Release|Any CPU
		{A5A4F28D-0673-4EBE-94C5-C0B4D95E19FB}.Release|x86.ActiveCfg = Release|Any CPU
		{A5A4F28D-0673-4EBE-94C5-C0B4D95E19FB}.Release|x86.Build.0 = Release|Any CPU
		{2B05B47A-9F24-404B-B419-99F6DF4B2572}.Debug|Any CPU.ActiveCfg = Debug|Any CPU
		{2B05B47A-9F24-404B-B419-99F6DF4B2572}.Debug|Any CPU.Build.0 = Debug|Any CPU
		{2B05B47A-9F24-404B-B419-99F6DF4B2572}.Debug|ARM.ActiveCfg = Debug|Any CPU
		{2B05B47A-9F24-404B-B419-99F6DF4B2572}.Debug|ARM.Build.0 = Debug|Any CPU
		{2B05B47A-9F24-404B-B419-99F6DF4B2572}.Debug|ARM64.ActiveCfg = Debug|Any CPU
		{2B05B47A-9F24-404B-B419-99F6DF4B2572}.Debug|ARM64.Build.0 = Debug|Any CPU
		{2B05B47A-9F24-404B-B419-99F6DF4B2572}.Debug|iPhone.ActiveCfg = Debug|Any CPU
		{2B05B47A-9F24-404B-B419-99F6DF4B2572}.Debug|iPhone.Build.0 = Debug|Any CPU
		{2B05B47A-9F24-404B-B419-99F6DF4B2572}.Debug|iPhoneSimulator.ActiveCfg = Debug|Any CPU
		{2B05B47A-9F24-404B-B419-99F6DF4B2572}.Debug|iPhoneSimulator.Build.0 = Debug|Any CPU
		{2B05B47A-9F24-404B-B419-99F6DF4B2572}.Debug|x64.ActiveCfg = Debug|Any CPU
		{2B05B47A-9F24-404B-B419-99F6DF4B2572}.Debug|x64.Build.0 = Debug|Any CPU
		{2B05B47A-9F24-404B-B419-99F6DF4B2572}.Debug|x86.ActiveCfg = Debug|Any CPU
		{2B05B47A-9F24-404B-B419-99F6DF4B2572}.Debug|x86.Build.0 = Debug|Any CPU
		{2B05B47A-9F24-404B-B419-99F6DF4B2572}.Release|Any CPU.ActiveCfg = Release|Any CPU
		{2B05B47A-9F24-404B-B419-99F6DF4B2572}.Release|Any CPU.Build.0 = Release|Any CPU
		{2B05B47A-9F24-404B-B419-99F6DF4B2572}.Release|ARM.ActiveCfg = Release|Any CPU
		{2B05B47A-9F24-404B-B419-99F6DF4B2572}.Release|ARM.Build.0 = Release|Any CPU
		{2B05B47A-9F24-404B-B419-99F6DF4B2572}.Release|ARM64.ActiveCfg = Release|Any CPU
		{2B05B47A-9F24-404B-B419-99F6DF4B2572}.Release|ARM64.Build.0 = Release|Any CPU
		{2B05B47A-9F24-404B-B419-99F6DF4B2572}.Release|iPhone.ActiveCfg = Release|Any CPU
		{2B05B47A-9F24-404B-B419-99F6DF4B2572}.Release|iPhone.Build.0 = Release|Any CPU
		{2B05B47A-9F24-404B-B419-99F6DF4B2572}.Release|iPhoneSimulator.ActiveCfg = Release|Any CPU
		{2B05B47A-9F24-404B-B419-99F6DF4B2572}.Release|iPhoneSimulator.Build.0 = Release|Any CPU
		{2B05B47A-9F24-404B-B419-99F6DF4B2572}.Release|x64.ActiveCfg = Release|Any CPU
		{2B05B47A-9F24-404B-B419-99F6DF4B2572}.Release|x64.Build.0 = Release|Any CPU
		{2B05B47A-9F24-404B-B419-99F6DF4B2572}.Release|x86.ActiveCfg = Release|Any CPU
		{2B05B47A-9F24-404B-B419-99F6DF4B2572}.Release|x86.Build.0 = Release|Any CPU
		{C9238EF5-D991-4C5F-8744-1D08645A114D}.Debug|Any CPU.ActiveCfg = Debug|Any CPU
		{C9238EF5-D991-4C5F-8744-1D08645A114D}.Debug|Any CPU.Build.0 = Debug|Any CPU
		{C9238EF5-D991-4C5F-8744-1D08645A114D}.Debug|ARM.ActiveCfg = Debug|Any CPU
		{C9238EF5-D991-4C5F-8744-1D08645A114D}.Debug|ARM.Build.0 = Debug|Any CPU
		{C9238EF5-D991-4C5F-8744-1D08645A114D}.Debug|ARM64.ActiveCfg = Debug|Any CPU
		{C9238EF5-D991-4C5F-8744-1D08645A114D}.Debug|ARM64.Build.0 = Debug|Any CPU
		{C9238EF5-D991-4C5F-8744-1D08645A114D}.Debug|iPhone.ActiveCfg = Debug|Any CPU
		{C9238EF5-D991-4C5F-8744-1D08645A114D}.Debug|iPhone.Build.0 = Debug|Any CPU
		{C9238EF5-D991-4C5F-8744-1D08645A114D}.Debug|iPhoneSimulator.ActiveCfg = Debug|Any CPU
		{C9238EF5-D991-4C5F-8744-1D08645A114D}.Debug|iPhoneSimulator.Build.0 = Debug|Any CPU
		{C9238EF5-D991-4C5F-8744-1D08645A114D}.Debug|x64.ActiveCfg = Debug|Any CPU
		{C9238EF5-D991-4C5F-8744-1D08645A114D}.Debug|x64.Build.0 = Debug|Any CPU
		{C9238EF5-D991-4C5F-8744-1D08645A114D}.Debug|x86.ActiveCfg = Debug|Any CPU
		{C9238EF5-D991-4C5F-8744-1D08645A114D}.Debug|x86.Build.0 = Debug|Any CPU
		{C9238EF5-D991-4C5F-8744-1D08645A114D}.Release|Any CPU.ActiveCfg = Release|Any CPU
		{C9238EF5-D991-4C5F-8744-1D08645A114D}.Release|Any CPU.Build.0 = Release|Any CPU
		{C9238EF5-D991-4C5F-8744-1D08645A114D}.Release|ARM.ActiveCfg = Release|Any CPU
		{C9238EF5-D991-4C5F-8744-1D08645A114D}.Release|ARM.Build.0 = Release|Any CPU
		{C9238EF5-D991-4C5F-8744-1D08645A114D}.Release|ARM64.ActiveCfg = Release|Any CPU
		{C9238EF5-D991-4C5F-8744-1D08645A114D}.Release|ARM64.Build.0 = Release|Any CPU
		{C9238EF5-D991-4C5F-8744-1D08645A114D}.Release|iPhone.ActiveCfg = Release|Any CPU
		{C9238EF5-D991-4C5F-8744-1D08645A114D}.Release|iPhone.Build.0 = Release|Any CPU
		{C9238EF5-D991-4C5F-8744-1D08645A114D}.Release|iPhoneSimulator.ActiveCfg = Release|Any CPU
		{C9238EF5-D991-4C5F-8744-1D08645A114D}.Release|iPhoneSimulator.Build.0 = Release|Any CPU
		{C9238EF5-D991-4C5F-8744-1D08645A114D}.Release|x64.ActiveCfg = Release|Any CPU
		{C9238EF5-D991-4C5F-8744-1D08645A114D}.Release|x64.Build.0 = Release|Any CPU
		{C9238EF5-D991-4C5F-8744-1D08645A114D}.Release|x86.ActiveCfg = Release|Any CPU
		{C9238EF5-D991-4C5F-8744-1D08645A114D}.Release|x86.Build.0 = Release|Any CPU
		{6FDBB323-8F33-445F-9053-6C3339D997A9}.Debug|Any CPU.ActiveCfg = Debug|Any CPU
		{6FDBB323-8F33-445F-9053-6C3339D997A9}.Debug|Any CPU.Build.0 = Debug|Any CPU
		{6FDBB323-8F33-445F-9053-6C3339D997A9}.Debug|ARM.ActiveCfg = Debug|Any CPU
		{6FDBB323-8F33-445F-9053-6C3339D997A9}.Debug|ARM.Build.0 = Debug|Any CPU
		{6FDBB323-8F33-445F-9053-6C3339D997A9}.Debug|ARM64.ActiveCfg = Debug|Any CPU
		{6FDBB323-8F33-445F-9053-6C3339D997A9}.Debug|ARM64.Build.0 = Debug|Any CPU
		{6FDBB323-8F33-445F-9053-6C3339D997A9}.Debug|iPhone.ActiveCfg = Debug|Any CPU
		{6FDBB323-8F33-445F-9053-6C3339D997A9}.Debug|iPhone.Build.0 = Debug|Any CPU
		{6FDBB323-8F33-445F-9053-6C3339D997A9}.Debug|iPhoneSimulator.ActiveCfg = Debug|Any CPU
		{6FDBB323-8F33-445F-9053-6C3339D997A9}.Debug|iPhoneSimulator.Build.0 = Debug|Any CPU
		{6FDBB323-8F33-445F-9053-6C3339D997A9}.Debug|x64.ActiveCfg = Debug|Any CPU
		{6FDBB323-8F33-445F-9053-6C3339D997A9}.Debug|x64.Build.0 = Debug|Any CPU
		{6FDBB323-8F33-445F-9053-6C3339D997A9}.Debug|x86.ActiveCfg = Debug|Any CPU
		{6FDBB323-8F33-445F-9053-6C3339D997A9}.Debug|x86.Build.0 = Debug|Any CPU
		{6FDBB323-8F33-445F-9053-6C3339D997A9}.Release|Any CPU.ActiveCfg = Release|Any CPU
		{6FDBB323-8F33-445F-9053-6C3339D997A9}.Release|Any CPU.Build.0 = Release|Any CPU
		{6FDBB323-8F33-445F-9053-6C3339D997A9}.Release|ARM.ActiveCfg = Release|Any CPU
		{6FDBB323-8F33-445F-9053-6C3339D997A9}.Release|ARM.Build.0 = Release|Any CPU
		{6FDBB323-8F33-445F-9053-6C3339D997A9}.Release|ARM64.ActiveCfg = Release|Any CPU
		{6FDBB323-8F33-445F-9053-6C3339D997A9}.Release|ARM64.Build.0 = Release|Any CPU
		{6FDBB323-8F33-445F-9053-6C3339D997A9}.Release|iPhone.ActiveCfg = Release|Any CPU
		{6FDBB323-8F33-445F-9053-6C3339D997A9}.Release|iPhone.Build.0 = Release|Any CPU
		{6FDBB323-8F33-445F-9053-6C3339D997A9}.Release|iPhoneSimulator.ActiveCfg = Release|Any CPU
		{6FDBB323-8F33-445F-9053-6C3339D997A9}.Release|iPhoneSimulator.Build.0 = Release|Any CPU
		{6FDBB323-8F33-445F-9053-6C3339D997A9}.Release|x64.ActiveCfg = Release|Any CPU
		{6FDBB323-8F33-445F-9053-6C3339D997A9}.Release|x64.Build.0 = Release|Any CPU
		{6FDBB323-8F33-445F-9053-6C3339D997A9}.Release|x86.ActiveCfg = Release|Any CPU
		{6FDBB323-8F33-445F-9053-6C3339D997A9}.Release|x86.Build.0 = Release|Any CPU
		{606A5091-D32E-405F-B0E8-983399CA7265}.Debug|Any CPU.ActiveCfg = Debug|Any CPU
		{606A5091-D32E-405F-B0E8-983399CA7265}.Debug|Any CPU.Build.0 = Debug|Any CPU
		{606A5091-D32E-405F-B0E8-983399CA7265}.Debug|ARM.ActiveCfg = Debug|Any CPU
		{606A5091-D32E-405F-B0E8-983399CA7265}.Debug|ARM.Build.0 = Debug|Any CPU
		{606A5091-D32E-405F-B0E8-983399CA7265}.Debug|ARM64.ActiveCfg = Debug|Any CPU
		{606A5091-D32E-405F-B0E8-983399CA7265}.Debug|ARM64.Build.0 = Debug|Any CPU
		{606A5091-D32E-405F-B0E8-983399CA7265}.Debug|iPhone.ActiveCfg = Debug|Any CPU
		{606A5091-D32E-405F-B0E8-983399CA7265}.Debug|iPhone.Build.0 = Debug|Any CPU
		{606A5091-D32E-405F-B0E8-983399CA7265}.Debug|iPhoneSimulator.ActiveCfg = Debug|Any CPU
		{606A5091-D32E-405F-B0E8-983399CA7265}.Debug|iPhoneSimulator.Build.0 = Debug|Any CPU
		{606A5091-D32E-405F-B0E8-983399CA7265}.Debug|x64.ActiveCfg = Debug|Any CPU
		{606A5091-D32E-405F-B0E8-983399CA7265}.Debug|x64.Build.0 = Debug|Any CPU
		{606A5091-D32E-405F-B0E8-983399CA7265}.Debug|x86.ActiveCfg = Debug|Any CPU
		{606A5091-D32E-405F-B0E8-983399CA7265}.Debug|x86.Build.0 = Debug|Any CPU
		{606A5091-D32E-405F-B0E8-983399CA7265}.Release|Any CPU.ActiveCfg = Release|Any CPU
		{606A5091-D32E-405F-B0E8-983399CA7265}.Release|Any CPU.Build.0 = Release|Any CPU
		{606A5091-D32E-405F-B0E8-983399CA7265}.Release|ARM.ActiveCfg = Release|Any CPU
		{606A5091-D32E-405F-B0E8-983399CA7265}.Release|ARM.Build.0 = Release|Any CPU
		{606A5091-D32E-405F-B0E8-983399CA7265}.Release|ARM64.ActiveCfg = Release|Any CPU
		{606A5091-D32E-405F-B0E8-983399CA7265}.Release|ARM64.Build.0 = Release|Any CPU
		{606A5091-D32E-405F-B0E8-983399CA7265}.Release|iPhone.ActiveCfg = Release|Any CPU
		{606A5091-D32E-405F-B0E8-983399CA7265}.Release|iPhone.Build.0 = Release|Any CPU
		{606A5091-D32E-405F-B0E8-983399CA7265}.Release|iPhoneSimulator.ActiveCfg = Release|Any CPU
		{606A5091-D32E-405F-B0E8-983399CA7265}.Release|iPhoneSimulator.Build.0 = Release|Any CPU
		{606A5091-D32E-405F-B0E8-983399CA7265}.Release|x64.ActiveCfg = Release|Any CPU
		{606A5091-D32E-405F-B0E8-983399CA7265}.Release|x64.Build.0 = Release|Any CPU
		{606A5091-D32E-405F-B0E8-983399CA7265}.Release|x86.ActiveCfg = Release|Any CPU
		{606A5091-D32E-405F-B0E8-983399CA7265}.Release|x86.Build.0 = Release|Any CPU
		{1B8CFF28-B347-4FC4-8E87-4B46F2DB28D6}.Debug|Any CPU.ActiveCfg = Debug|Any CPU
		{1B8CFF28-B347-4FC4-8E87-4B46F2DB28D6}.Debug|Any CPU.Build.0 = Debug|Any CPU
		{1B8CFF28-B347-4FC4-8E87-4B46F2DB28D6}.Debug|Any CPU.Deploy.0 = Debug|Any CPU
		{1B8CFF28-B347-4FC4-8E87-4B46F2DB28D6}.Debug|ARM.ActiveCfg = Debug|Any CPU
		{1B8CFF28-B347-4FC4-8E87-4B46F2DB28D6}.Debug|ARM.Build.0 = Debug|Any CPU
		{1B8CFF28-B347-4FC4-8E87-4B46F2DB28D6}.Debug|ARM.Deploy.0 = Debug|Any CPU
		{1B8CFF28-B347-4FC4-8E87-4B46F2DB28D6}.Debug|ARM64.ActiveCfg = Debug|Any CPU
		{1B8CFF28-B347-4FC4-8E87-4B46F2DB28D6}.Debug|ARM64.Build.0 = Debug|Any CPU
		{1B8CFF28-B347-4FC4-8E87-4B46F2DB28D6}.Debug|ARM64.Deploy.0 = Debug|Any CPU
		{1B8CFF28-B347-4FC4-8E87-4B46F2DB28D6}.Debug|iPhone.ActiveCfg = Debug|Any CPU
		{1B8CFF28-B347-4FC4-8E87-4B46F2DB28D6}.Debug|iPhone.Build.0 = Debug|Any CPU
		{1B8CFF28-B347-4FC4-8E87-4B46F2DB28D6}.Debug|iPhone.Deploy.0 = Debug|Any CPU
		{1B8CFF28-B347-4FC4-8E87-4B46F2DB28D6}.Debug|iPhoneSimulator.ActiveCfg = Debug|Any CPU
		{1B8CFF28-B347-4FC4-8E87-4B46F2DB28D6}.Debug|iPhoneSimulator.Build.0 = Debug|Any CPU
		{1B8CFF28-B347-4FC4-8E87-4B46F2DB28D6}.Debug|iPhoneSimulator.Deploy.0 = Debug|Any CPU
		{1B8CFF28-B347-4FC4-8E87-4B46F2DB28D6}.Debug|x64.ActiveCfg = Debug|Any CPU
		{1B8CFF28-B347-4FC4-8E87-4B46F2DB28D6}.Debug|x64.Build.0 = Debug|Any CPU
		{1B8CFF28-B347-4FC4-8E87-4B46F2DB28D6}.Debug|x64.Deploy.0 = Debug|Any CPU
		{1B8CFF28-B347-4FC4-8E87-4B46F2DB28D6}.Debug|x86.ActiveCfg = Debug|Any CPU
		{1B8CFF28-B347-4FC4-8E87-4B46F2DB28D6}.Debug|x86.Build.0 = Debug|Any CPU
		{1B8CFF28-B347-4FC4-8E87-4B46F2DB28D6}.Debug|x86.Deploy.0 = Debug|Any CPU
		{1B8CFF28-B347-4FC4-8E87-4B46F2DB28D6}.Release|Any CPU.ActiveCfg = Release|Any CPU
		{1B8CFF28-B347-4FC4-8E87-4B46F2DB28D6}.Release|Any CPU.Build.0 = Release|Any CPU
		{1B8CFF28-B347-4FC4-8E87-4B46F2DB28D6}.Release|Any CPU.Deploy.0 = Release|Any CPU
		{1B8CFF28-B347-4FC4-8E87-4B46F2DB28D6}.Release|ARM.ActiveCfg = Release|Any CPU
		{1B8CFF28-B347-4FC4-8E87-4B46F2DB28D6}.Release|ARM.Build.0 = Release|Any CPU
		{1B8CFF28-B347-4FC4-8E87-4B46F2DB28D6}.Release|ARM.Deploy.0 = Release|Any CPU
		{1B8CFF28-B347-4FC4-8E87-4B46F2DB28D6}.Release|ARM64.ActiveCfg = Release|Any CPU
		{1B8CFF28-B347-4FC4-8E87-4B46F2DB28D6}.Release|ARM64.Build.0 = Release|Any CPU
		{1B8CFF28-B347-4FC4-8E87-4B46F2DB28D6}.Release|ARM64.Deploy.0 = Release|Any CPU
		{1B8CFF28-B347-4FC4-8E87-4B46F2DB28D6}.Release|iPhone.ActiveCfg = Release|Any CPU
		{1B8CFF28-B347-4FC4-8E87-4B46F2DB28D6}.Release|iPhone.Build.0 = Release|Any CPU
		{1B8CFF28-B347-4FC4-8E87-4B46F2DB28D6}.Release|iPhone.Deploy.0 = Release|Any CPU
		{1B8CFF28-B347-4FC4-8E87-4B46F2DB28D6}.Release|iPhoneSimulator.ActiveCfg = Release|Any CPU
		{1B8CFF28-B347-4FC4-8E87-4B46F2DB28D6}.Release|iPhoneSimulator.Build.0 = Release|Any CPU
		{1B8CFF28-B347-4FC4-8E87-4B46F2DB28D6}.Release|iPhoneSimulator.Deploy.0 = Release|Any CPU
		{1B8CFF28-B347-4FC4-8E87-4B46F2DB28D6}.Release|x64.ActiveCfg = Release|Any CPU
		{1B8CFF28-B347-4FC4-8E87-4B46F2DB28D6}.Release|x64.Build.0 = Release|Any CPU
		{1B8CFF28-B347-4FC4-8E87-4B46F2DB28D6}.Release|x64.Deploy.0 = Release|Any CPU
		{1B8CFF28-B347-4FC4-8E87-4B46F2DB28D6}.Release|x86.ActiveCfg = Release|Any CPU
		{1B8CFF28-B347-4FC4-8E87-4B46F2DB28D6}.Release|x86.Build.0 = Release|Any CPU
		{1B8CFF28-B347-4FC4-8E87-4B46F2DB28D6}.Release|x86.Deploy.0 = Release|Any CPU
		{B1CB8CDC-C90F-4313-AAB7-A12870F33690}.Debug|Any CPU.ActiveCfg = Debug|Any CPU
		{B1CB8CDC-C90F-4313-AAB7-A12870F33690}.Debug|Any CPU.Build.0 = Debug|Any CPU
		{B1CB8CDC-C90F-4313-AAB7-A12870F33690}.Debug|ARM.ActiveCfg = Debug|Any CPU
		{B1CB8CDC-C90F-4313-AAB7-A12870F33690}.Debug|ARM64.ActiveCfg = Debug|Any CPU
		{B1CB8CDC-C90F-4313-AAB7-A12870F33690}.Debug|iPhone.ActiveCfg = Debug|Any CPU
		{B1CB8CDC-C90F-4313-AAB7-A12870F33690}.Debug|iPhone.Build.0 = Debug|Any CPU
		{B1CB8CDC-C90F-4313-AAB7-A12870F33690}.Debug|iPhoneSimulator.ActiveCfg = Debug|Any CPU
		{B1CB8CDC-C90F-4313-AAB7-A12870F33690}.Debug|iPhoneSimulator.Build.0 = Debug|Any CPU
		{B1CB8CDC-C90F-4313-AAB7-A12870F33690}.Debug|x64.ActiveCfg = Debug|Any CPU
		{B1CB8CDC-C90F-4313-AAB7-A12870F33690}.Debug|x86.ActiveCfg = Debug|Any CPU
		{B1CB8CDC-C90F-4313-AAB7-A12870F33690}.Release|Any CPU.ActiveCfg = Release|Any CPU
		{B1CB8CDC-C90F-4313-AAB7-A12870F33690}.Release|Any CPU.Build.0 = Release|Any CPU
		{B1CB8CDC-C90F-4313-AAB7-A12870F33690}.Release|ARM.ActiveCfg = Release|Any CPU
		{B1CB8CDC-C90F-4313-AAB7-A12870F33690}.Release|ARM64.ActiveCfg = Release|Any CPU
		{B1CB8CDC-C90F-4313-AAB7-A12870F33690}.Release|iPhone.ActiveCfg = Release|Any CPU
		{B1CB8CDC-C90F-4313-AAB7-A12870F33690}.Release|iPhone.Build.0 = Release|Any CPU
		{B1CB8CDC-C90F-4313-AAB7-A12870F33690}.Release|iPhoneSimulator.ActiveCfg = Release|Any CPU
		{B1CB8CDC-C90F-4313-AAB7-A12870F33690}.Release|iPhoneSimulator.Build.0 = Release|Any CPU
		{B1CB8CDC-C90F-4313-AAB7-A12870F33690}.Release|x64.ActiveCfg = Release|Any CPU
		{B1CB8CDC-C90F-4313-AAB7-A12870F33690}.Release|x86.ActiveCfg = Release|Any CPU
		{AF6EF400-F27D-46CC-8106-EB42A3AC3FE6}.Debug|Any CPU.ActiveCfg = Debug|x86
		{AF6EF400-F27D-46CC-8106-EB42A3AC3FE6}.Debug|ARM.ActiveCfg = Debug|ARM
		{AF6EF400-F27D-46CC-8106-EB42A3AC3FE6}.Debug|ARM.Build.0 = Debug|ARM
		{AF6EF400-F27D-46CC-8106-EB42A3AC3FE6}.Debug|ARM.Deploy.0 = Debug|ARM
		{AF6EF400-F27D-46CC-8106-EB42A3AC3FE6}.Debug|ARM64.ActiveCfg = Debug|ARM64
		{AF6EF400-F27D-46CC-8106-EB42A3AC3FE6}.Debug|ARM64.Build.0 = Debug|ARM64
		{AF6EF400-F27D-46CC-8106-EB42A3AC3FE6}.Debug|ARM64.Deploy.0 = Debug|ARM64
		{AF6EF400-F27D-46CC-8106-EB42A3AC3FE6}.Debug|iPhone.ActiveCfg = Debug|x86
		{AF6EF400-F27D-46CC-8106-EB42A3AC3FE6}.Debug|iPhoneSimulator.ActiveCfg = Debug|x86
		{AF6EF400-F27D-46CC-8106-EB42A3AC3FE6}.Debug|x64.ActiveCfg = Debug|x64
		{AF6EF400-F27D-46CC-8106-EB42A3AC3FE6}.Debug|x64.Build.0 = Debug|x64
		{AF6EF400-F27D-46CC-8106-EB42A3AC3FE6}.Debug|x64.Deploy.0 = Debug|x64
		{AF6EF400-F27D-46CC-8106-EB42A3AC3FE6}.Debug|x86.ActiveCfg = Debug|x86
		{AF6EF400-F27D-46CC-8106-EB42A3AC3FE6}.Debug|x86.Build.0 = Debug|x86
		{AF6EF400-F27D-46CC-8106-EB42A3AC3FE6}.Debug|x86.Deploy.0 = Debug|x86
		{AF6EF400-F27D-46CC-8106-EB42A3AC3FE6}.Release|Any CPU.ActiveCfg = Release|x86
		{AF6EF400-F27D-46CC-8106-EB42A3AC3FE6}.Release|ARM.ActiveCfg = Release|ARM
		{AF6EF400-F27D-46CC-8106-EB42A3AC3FE6}.Release|ARM.Build.0 = Release|ARM
		{AF6EF400-F27D-46CC-8106-EB42A3AC3FE6}.Release|ARM.Deploy.0 = Release|ARM
		{AF6EF400-F27D-46CC-8106-EB42A3AC3FE6}.Release|ARM64.ActiveCfg = Release|ARM64
		{AF6EF400-F27D-46CC-8106-EB42A3AC3FE6}.Release|ARM64.Build.0 = Release|ARM64
		{AF6EF400-F27D-46CC-8106-EB42A3AC3FE6}.Release|ARM64.Deploy.0 = Release|ARM64
		{AF6EF400-F27D-46CC-8106-EB42A3AC3FE6}.Release|iPhone.ActiveCfg = Release|x86
		{AF6EF400-F27D-46CC-8106-EB42A3AC3FE6}.Release|iPhoneSimulator.ActiveCfg = Release|x86
		{AF6EF400-F27D-46CC-8106-EB42A3AC3FE6}.Release|x64.ActiveCfg = Release|x64
		{AF6EF400-F27D-46CC-8106-EB42A3AC3FE6}.Release|x64.Build.0 = Release|x64
		{AF6EF400-F27D-46CC-8106-EB42A3AC3FE6}.Release|x64.Deploy.0 = Release|x64
		{AF6EF400-F27D-46CC-8106-EB42A3AC3FE6}.Release|x86.ActiveCfg = Release|x86
		{AF6EF400-F27D-46CC-8106-EB42A3AC3FE6}.Release|x86.Build.0 = Release|x86
		{AF6EF400-F27D-46CC-8106-EB42A3AC3FE6}.Release|x86.Deploy.0 = Release|x86
	EndGlobalSection
	GlobalSection(SolutionProperties) = preSolution
		HideSolutionNode = FALSE
	EndGlobalSection
	GlobalSection(NestedProjects) = preSolution
		{A5A4F28D-0673-4EBE-94C5-C0B4D95E19FB} = {73F29C47-ECA9-45E2-A6B5-BBA7D25CB14F}
		{2B05B47A-9F24-404B-B419-99F6DF4B2572} = {5CD71AF6-E4CD-4809-9D0C-0F1A8D4CA9CB}
		{C9238EF5-D991-4C5F-8744-1D08645A114D} = {5CD71AF6-E4CD-4809-9D0C-0F1A8D4CA9CB}
		{6FDBB323-8F33-445F-9053-6C3339D997A9} = {73F29C47-ECA9-45E2-A6B5-BBA7D25CB14F}
		{606A5091-D32E-405F-B0E8-983399CA7265} = {5CD71AF6-E4CD-4809-9D0C-0F1A8D4CA9CB}
		{1B8CFF28-B347-4FC4-8E87-4B46F2DB28D6} = {C5DA9558-3CB2-4080-8A06-3DB5F925BA8B}
		{117BD204-824C-4E02-BAD4-FCF21D9966AD} = {C5DA9558-3CB2-4080-8A06-3DB5F925BA8B}
		{B1CB8CDC-C90F-4313-AAB7-A12870F33690} = {117BD204-824C-4E02-BAD4-FCF21D9966AD}
		{73F29C47-ECA9-45E2-A6B5-BBA7D25CB14F} = {5CD71AF6-E4CD-4809-9D0C-0F1A8D4CA9CB}
		{AF6EF400-F27D-46CC-8106-EB42A3AC3FE6} = {1AA60953-6816-4B7E-A830-6D3969FFC157}
	EndGlobalSection
	GlobalSection(ExtensibilityGlobals) = postSolution
		SolutionGuid = {E8CF2187-513A-4199-817B-DB19CAB570D9}
	EndGlobalSection
EndGlobal
