
Microsoft Visual Studio Solution File, Format Version 12.00
# Visual Studio Version 16
VisualStudioVersion = 16.0.29020.237
MinimumVisualStudioVersion = 10.0.40219.1
Project("{FAE04EC0-301F-11D3-BF4B-00C04F79EFBC}") = "AoTracker.Android", "AoTracker\AoTracker.Android\AoTracker.Android.csproj", "{B7585C5B-A3C5-40CB-B28B-8C7766A86F8C}"
EndProject
Project("{FAE04EC0-301F-11D3-BF4B-00C04F79EFBC}") = "AoTracker.iOS", "AoTracker\AoTracker.iOS\AoTracker.iOS.csproj", "{31B977DE-FCAA-4B15-8EEE-34B99C9E7342}"
EndProject
Project("{9A19103F-16F7-4668-BE54-9A1E7A4F7556}") = "AoTracker", "AoTracker\AoTracker\AoTracker.csproj", "{029E84EF-3939-41B1-AB1C-4A715159E0FD}"
EndProject
Project("{2150E333-8FDC-42A3-9474-1A3956D46DE8}") = "Shared", "Shared", "{5CD71AF6-E4CD-4809-9D0C-0F1A8D4CA9CB}"
EndProject
Project("{9A19103F-16F7-4668-BE54-9A1E7A4F7556}") = "AoTracker.Interfaces", "AoTracker.Interfaces\AoTracker.Interfaces.csproj", "{A5A4F28D-0673-4EBE-94C5-C0B4D95E19FB}"
EndProject
Project("{9A19103F-16F7-4668-BE54-9A1E7A4F7556}") = "AoTracker.Infrastructure", "AoTracker.Infrastructure\AoTracker.Infrastructure.csproj", "{2B05B47A-9F24-404B-B419-99F6DF4B2572}"
EndProject
Project("{9A19103F-16F7-4668-BE54-9A1E7A4F7556}") = "AoTracker.Crawlers", "AoTracker.Crawlers\AoTracker.Crawlers.csproj", "{C9238EF5-D991-4C5F-8744-1D08645A114D}"
EndProject
Project("{9A19103F-16F7-4668-BE54-9A1E7A4F7556}") = "AoTracker.Domain", "AoTracker.Domain\AoTracker.Domain.csproj", "{6FDBB323-8F33-445F-9053-6C3339D997A9}"
EndProject
Project("{FAE04EC0-301F-11D3-BF4B-00C04F79EFBC}") = "AoTracker.Resources", "AoTracker.Resources\AoTracker.Resources.csproj", "{606A5091-D32E-405F-B0E8-983399CA7265}"
EndProject
Global
	GlobalSection(SolutionConfigurationPlatforms) = preSolution
		Debug|Any CPU = Debug|Any CPU
		Debug|iPhone = Debug|iPhone
		Debug|iPhoneSimulator = Debug|iPhoneSimulator
		Release|Any CPU = Release|Any CPU
		Release|iPhone = Release|iPhone
		Release|iPhoneSimulator = Release|iPhoneSimulator
	EndGlobalSection
	GlobalSection(ProjectConfigurationPlatforms) = postSolution
		{B7585C5B-A3C5-40CB-B28B-8C7766A86F8C}.Debug|Any CPU.ActiveCfg = Debug|Any CPU
		{B7585C5B-A3C5-40CB-B28B-8C7766A86F8C}.Debug|Any CPU.Build.0 = Debug|Any CPU
		{B7585C5B-A3C5-40CB-B28B-8C7766A86F8C}.Debug|Any CPU.Deploy.0 = Debug|Any CPU
		{B7585C5B-A3C5-40CB-B28B-8C7766A86F8C}.Debug|iPhone.ActiveCfg = Debug|Any CPU
		{B7585C5B-A3C5-40CB-B28B-8C7766A86F8C}.Debug|iPhone.Build.0 = Debug|Any CPU
		{B7585C5B-A3C5-40CB-B28B-8C7766A86F8C}.Debug|iPhone.Deploy.0 = Debug|Any CPU
		{B7585C5B-A3C5-40CB-B28B-8C7766A86F8C}.Debug|iPhoneSimulator.ActiveCfg = Debug|Any CPU
		{B7585C5B-A3C5-40CB-B28B-8C7766A86F8C}.Debug|iPhoneSimulator.Build.0 = Debug|Any CPU
		{B7585C5B-A3C5-40CB-B28B-8C7766A86F8C}.Debug|iPhoneSimulator.Deploy.0 = Debug|Any CPU
		{B7585C5B-A3C5-40CB-B28B-8C7766A86F8C}.Release|Any CPU.ActiveCfg = Release|Any CPU
		{B7585C5B-A3C5-40CB-B28B-8C7766A86F8C}.Release|Any CPU.Build.0 = Release|Any CPU
		{B7585C5B-A3C5-40CB-B28B-8C7766A86F8C}.Release|Any CPU.Deploy.0 = Release|Any CPU
		{B7585C5B-A3C5-40CB-B28B-8C7766A86F8C}.Release|iPhone.ActiveCfg = Release|Any CPU
		{B7585C5B-A3C5-40CB-B28B-8C7766A86F8C}.Release|iPhone.Build.0 = Release|Any CPU
		{B7585C5B-A3C5-40CB-B28B-8C7766A86F8C}.Release|iPhone.Deploy.0 = Release|Any CPU
		{B7585C5B-A3C5-40CB-B28B-8C7766A86F8C}.Release|iPhoneSimulator.ActiveCfg = Release|Any CPU
		{B7585C5B-A3C5-40CB-B28B-8C7766A86F8C}.Release|iPhoneSimulator.Build.0 = Release|Any CPU
		{B7585C5B-A3C5-40CB-B28B-8C7766A86F8C}.Release|iPhoneSimulator.Deploy.0 = Release|Any CPU
		{31B977DE-FCAA-4B15-8EEE-34B99C9E7342}.Debug|Any CPU.ActiveCfg = Debug|iPhoneSimulator
		{31B977DE-FCAA-4B15-8EEE-34B99C9E7342}.Debug|Any CPU.Build.0 = Debug|iPhoneSimulator
		{31B977DE-FCAA-4B15-8EEE-34B99C9E7342}.Debug|Any CPU.Deploy.0 = Debug|iPhoneSimulator
		{31B977DE-FCAA-4B15-8EEE-34B99C9E7342}.Debug|iPhone.ActiveCfg = Debug|iPhone
		{31B977DE-FCAA-4B15-8EEE-34B99C9E7342}.Debug|iPhone.Build.0 = Debug|iPhone
		{31B977DE-FCAA-4B15-8EEE-34B99C9E7342}.Debug|iPhone.Deploy.0 = Debug|iPhone
		{31B977DE-FCAA-4B15-8EEE-34B99C9E7342}.Debug|iPhoneSimulator.ActiveCfg = Debug|iPhoneSimulator
		{31B977DE-FCAA-4B15-8EEE-34B99C9E7342}.Debug|iPhoneSimulator.Build.0 = Debug|iPhoneSimulator
		{31B977DE-FCAA-4B15-8EEE-34B99C9E7342}.Debug|iPhoneSimulator.Deploy.0 = Debug|iPhoneSimulator
		{31B977DE-FCAA-4B15-8EEE-34B99C9E7342}.Release|Any CPU.ActiveCfg = Release|iPhone
		{31B977DE-FCAA-4B15-8EEE-34B99C9E7342}.Release|Any CPU.Build.0 = Release|iPhone
		{31B977DE-FCAA-4B15-8EEE-34B99C9E7342}.Release|Any CPU.Deploy.0 = Release|iPhone
		{31B977DE-FCAA-4B15-8EEE-34B99C9E7342}.Release|iPhone.ActiveCfg = Release|iPhone
		{31B977DE-FCAA-4B15-8EEE-34B99C9E7342}.Release|iPhone.Build.0 = Release|iPhone
		{31B977DE-FCAA-4B15-8EEE-34B99C9E7342}.Release|iPhone.Deploy.0 = Release|iPhone
		{31B977DE-FCAA-4B15-8EEE-34B99C9E7342}.Release|iPhoneSimulator.ActiveCfg = Release|iPhoneSimulator
		{31B977DE-FCAA-4B15-8EEE-34B99C9E7342}.Release|iPhoneSimulator.Build.0 = Release|iPhoneSimulator
		{31B977DE-FCAA-4B15-8EEE-34B99C9E7342}.Release|iPhoneSimulator.Deploy.0 = Release|iPhoneSimulator
		{029E84EF-3939-41B1-AB1C-4A715159E0FD}.Debug|Any CPU.ActiveCfg = Debug|Any CPU
		{029E84EF-3939-41B1-AB1C-4A715159E0FD}.Debug|Any CPU.Build.0 = Debug|Any CPU
		{029E84EF-3939-41B1-AB1C-4A715159E0FD}.Debug|Any CPU.Deploy.0 = Debug|Any CPU
		{029E84EF-3939-41B1-AB1C-4A715159E0FD}.Debug|iPhone.ActiveCfg = Debug|Any CPU
		{029E84EF-3939-41B1-AB1C-4A715159E0FD}.Debug|iPhone.Build.0 = Debug|Any CPU
		{029E84EF-3939-41B1-AB1C-4A715159E0FD}.Debug|iPhone.Deploy.0 = Debug|Any CPU
		{029E84EF-3939-41B1-AB1C-4A715159E0FD}.Debug|iPhoneSimulator.ActiveCfg = Debug|Any CPU
		{029E84EF-3939-41B1-AB1C-4A715159E0FD}.Debug|iPhoneSimulator.Build.0 = Debug|Any CPU
		{029E84EF-3939-41B1-AB1C-4A715159E0FD}.Debug|iPhoneSimulator.Deploy.0 = Debug|Any CPU
		{029E84EF-3939-41B1-AB1C-4A715159E0FD}.Release|Any CPU.ActiveCfg = Release|Any CPU
		{029E84EF-3939-41B1-AB1C-4A715159E0FD}.Release|Any CPU.Build.0 = Release|Any CPU
		{029E84EF-3939-41B1-AB1C-4A715159E0FD}.Release|Any CPU.Deploy.0 = Release|Any CPU
		{029E84EF-3939-41B1-AB1C-4A715159E0FD}.Release|iPhone.ActiveCfg = Release|Any CPU
		{029E84EF-3939-41B1-AB1C-4A715159E0FD}.Release|iPhone.Build.0 = Release|Any CPU
		{029E84EF-3939-41B1-AB1C-4A715159E0FD}.Release|iPhone.Deploy.0 = Release|Any CPU
		{029E84EF-3939-41B1-AB1C-4A715159E0FD}.Release|iPhoneSimulator.ActiveCfg = Release|Any CPU
		{029E84EF-3939-41B1-AB1C-4A715159E0FD}.Release|iPhoneSimulator.Build.0 = Release|Any CPU
		{029E84EF-3939-41B1-AB1C-4A715159E0FD}.Release|iPhoneSimulator.Deploy.0 = Release|Any CPU
		{A5A4F28D-0673-4EBE-94C5-C0B4D95E19FB}.Debug|Any CPU.ActiveCfg = Debug|Any CPU
		{A5A4F28D-0673-4EBE-94C5-C0B4D95E19FB}.Debug|Any CPU.Build.0 = Debug|Any CPU
		{A5A4F28D-0673-4EBE-94C5-C0B4D95E19FB}.Debug|iPhone.ActiveCfg = Debug|Any CPU
		{A5A4F28D-0673-4EBE-94C5-C0B4D95E19FB}.Debug|iPhone.Build.0 = Debug|Any CPU
		{A5A4F28D-0673-4EBE-94C5-C0B4D95E19FB}.Debug|iPhoneSimulator.ActiveCfg = Debug|Any CPU
		{A5A4F28D-0673-4EBE-94C5-C0B4D95E19FB}.Debug|iPhoneSimulator.Build.0 = Debug|Any CPU
		{A5A4F28D-0673-4EBE-94C5-C0B4D95E19FB}.Release|Any CPU.ActiveCfg = Release|Any CPU
		{A5A4F28D-0673-4EBE-94C5-C0B4D95E19FB}.Release|Any CPU.Build.0 = Release|Any CPU
		{A5A4F28D-0673-4EBE-94C5-C0B4D95E19FB}.Release|iPhone.ActiveCfg = Release|Any CPU
		{A5A4F28D-0673-4EBE-94C5-C0B4D95E19FB}.Release|iPhone.Build.0 = Release|Any CPU
		{A5A4F28D-0673-4EBE-94C5-C0B4D95E19FB}.Release|iPhoneSimulator.ActiveCfg = Release|Any CPU
		{A5A4F28D-0673-4EBE-94C5-C0B4D95E19FB}.Release|iPhoneSimulator.Build.0 = Release|Any CPU
		{2B05B47A-9F24-404B-B419-99F6DF4B2572}.Debug|Any CPU.ActiveCfg = Debug|Any CPU
		{2B05B47A-9F24-404B-B419-99F6DF4B2572}.Debug|Any CPU.Build.0 = Debug|Any CPU
		{2B05B47A-9F24-404B-B419-99F6DF4B2572}.Debug|iPhone.ActiveCfg = Debug|Any CPU
		{2B05B47A-9F24-404B-B419-99F6DF4B2572}.Debug|iPhone.Build.0 = Debug|Any CPU
		{2B05B47A-9F24-404B-B419-99F6DF4B2572}.Debug|iPhoneSimulator.ActiveCfg = Debug|Any CPU
		{2B05B47A-9F24-404B-B419-99F6DF4B2572}.Debug|iPhoneSimulator.Build.0 = Debug|Any CPU
		{2B05B47A-9F24-404B-B419-99F6DF4B2572}.Release|Any CPU.ActiveCfg = Release|Any CPU
		{2B05B47A-9F24-404B-B419-99F6DF4B2572}.Release|Any CPU.Build.0 = Release|Any CPU
		{2B05B47A-9F24-404B-B419-99F6DF4B2572}.Release|iPhone.ActiveCfg = Release|Any CPU
		{2B05B47A-9F24-404B-B419-99F6DF4B2572}.Release|iPhone.Build.0 = Release|Any CPU
		{2B05B47A-9F24-404B-B419-99F6DF4B2572}.Release|iPhoneSimulator.ActiveCfg = Release|Any CPU
		{2B05B47A-9F24-404B-B419-99F6DF4B2572}.Release|iPhoneSimulator.Build.0 = Release|Any CPU
		{C9238EF5-D991-4C5F-8744-1D08645A114D}.Debug|Any CPU.ActiveCfg = Debug|Any CPU
		{C9238EF5-D991-4C5F-8744-1D08645A114D}.Debug|Any CPU.Build.0 = Debug|Any CPU
		{C9238EF5-D991-4C5F-8744-1D08645A114D}.Debug|iPhone.ActiveCfg = Debug|Any CPU
		{C9238EF5-D991-4C5F-8744-1D08645A114D}.Debug|iPhone.Build.0 = Debug|Any CPU
		{C9238EF5-D991-4C5F-8744-1D08645A114D}.Debug|iPhoneSimulator.ActiveCfg = Debug|Any CPU
		{C9238EF5-D991-4C5F-8744-1D08645A114D}.Debug|iPhoneSimulator.Build.0 = Debug|Any CPU
		{C9238EF5-D991-4C5F-8744-1D08645A114D}.Release|Any CPU.ActiveCfg = Release|Any CPU
		{C9238EF5-D991-4C5F-8744-1D08645A114D}.Release|Any CPU.Build.0 = Release|Any CPU
		{C9238EF5-D991-4C5F-8744-1D08645A114D}.Release|iPhone.ActiveCfg = Release|Any CPU
		{C9238EF5-D991-4C5F-8744-1D08645A114D}.Release|iPhone.Build.0 = Release|Any CPU
		{C9238EF5-D991-4C5F-8744-1D08645A114D}.Release|iPhoneSimulator.ActiveCfg = Release|Any CPU
		{C9238EF5-D991-4C5F-8744-1D08645A114D}.Release|iPhoneSimulator.Build.0 = Release|Any CPU
		{6FDBB323-8F33-445F-9053-6C3339D997A9}.Debug|Any CPU.ActiveCfg = Debug|Any CPU
		{6FDBB323-8F33-445F-9053-6C3339D997A9}.Debug|Any CPU.Build.0 = Debug|Any CPU
		{6FDBB323-8F33-445F-9053-6C3339D997A9}.Debug|iPhone.ActiveCfg = Debug|Any CPU
		{6FDBB323-8F33-445F-9053-6C3339D997A9}.Debug|iPhone.Build.0 = Debug|Any CPU
		{6FDBB323-8F33-445F-9053-6C3339D997A9}.Debug|iPhoneSimulator.ActiveCfg = Debug|Any CPU
		{6FDBB323-8F33-445F-9053-6C3339D997A9}.Debug|iPhoneSimulator.Build.0 = Debug|Any CPU
		{6FDBB323-8F33-445F-9053-6C3339D997A9}.Release|Any CPU.ActiveCfg = Release|Any CPU
		{6FDBB323-8F33-445F-9053-6C3339D997A9}.Release|Any CPU.Build.0 = Release|Any CPU
		{6FDBB323-8F33-445F-9053-6C3339D997A9}.Release|iPhone.ActiveCfg = Release|Any CPU
		{6FDBB323-8F33-445F-9053-6C3339D997A9}.Release|iPhone.Build.0 = Release|Any CPU
		{6FDBB323-8F33-445F-9053-6C3339D997A9}.Release|iPhoneSimulator.ActiveCfg = Release|Any CPU
		{6FDBB323-8F33-445F-9053-6C3339D997A9}.Release|iPhoneSimulator.Build.0 = Release|Any CPU
		{606A5091-D32E-405F-B0E8-983399CA7265}.Debug|Any CPU.ActiveCfg = Debug|Any CPU
		{606A5091-D32E-405F-B0E8-983399CA7265}.Debug|Any CPU.Build.0 = Debug|Any CPU
		{606A5091-D32E-405F-B0E8-983399CA7265}.Debug|iPhone.ActiveCfg = Debug|Any CPU
		{606A5091-D32E-405F-B0E8-983399CA7265}.Debug|iPhone.Build.0 = Debug|Any CPU
		{606A5091-D32E-405F-B0E8-983399CA7265}.Debug|iPhoneSimulator.ActiveCfg = Debug|Any CPU
		{606A5091-D32E-405F-B0E8-983399CA7265}.Debug|iPhoneSimulator.Build.0 = Debug|Any CPU
		{606A5091-D32E-405F-B0E8-983399CA7265}.Release|Any CPU.ActiveCfg = Release|Any CPU
		{606A5091-D32E-405F-B0E8-983399CA7265}.Release|Any CPU.Build.0 = Release|Any CPU
		{606A5091-D32E-405F-B0E8-983399CA7265}.Release|iPhone.ActiveCfg = Release|Any CPU
		{606A5091-D32E-405F-B0E8-983399CA7265}.Release|iPhone.Build.0 = Release|Any CPU
		{606A5091-D32E-405F-B0E8-983399CA7265}.Release|iPhoneSimulator.ActiveCfg = Release|Any CPU
		{606A5091-D32E-405F-B0E8-983399CA7265}.Release|iPhoneSimulator.Build.0 = Release|Any CPU
	EndGlobalSection
	GlobalSection(SolutionProperties) = preSolution
		HideSolutionNode = FALSE
	EndGlobalSection
	GlobalSection(NestedProjects) = preSolution
		{A5A4F28D-0673-4EBE-94C5-C0B4D95E19FB} = {5CD71AF6-E4CD-4809-9D0C-0F1A8D4CA9CB}
		{2B05B47A-9F24-404B-B419-99F6DF4B2572} = {5CD71AF6-E4CD-4809-9D0C-0F1A8D4CA9CB}
		{C9238EF5-D991-4C5F-8744-1D08645A114D} = {5CD71AF6-E4CD-4809-9D0C-0F1A8D4CA9CB}
		{6FDBB323-8F33-445F-9053-6C3339D997A9} = {5CD71AF6-E4CD-4809-9D0C-0F1A8D4CA9CB}
		{606A5091-D32E-405F-B0E8-983399CA7265} = {5CD71AF6-E4CD-4809-9D0C-0F1A8D4CA9CB}
	EndGlobalSection
	GlobalSection(ExtensibilityGlobals) = postSolution
		SolutionGuid = {E8CF2187-513A-4199-817B-DB19CAB570D9}
	EndGlobalSection
EndGlobal
